
Microsoft Visual Studio Solution File, Format Version 12.00
# Visual Studio Version 17
VisualStudioVersion = 17.7.34031.279
MinimumVisualStudioVersion = 10.0.40219.1
Project("{F184B08F-C81C-45F6-A57F-5ABD9991F28F}") = "QueryExcelByVisualBasic", "QueryExcelByVisualBasic.vbproj", "{D17BC91D-E284-4E00-ADEB-03A12301D616}"
EndProject
Global
	GlobalSection(SolutionConfigurationPlatforms) = preSolution
		Debug|Any CPU = Debug|Any CPU
		Release|Any CPU = Release|Any CPU
	EndGlobalSection
	GlobalSection(ProjectConfigurationPlatforms) = postSolution
		{D17BC91D-E284-4E00-ADEB-03A12301D616}.Debug|Any CPU.ActiveCfg = Debug|Any CPU
		{D17BC91D-E284-4E00-ADEB-03A12301D616}.Debug|Any CPU.Build.0 = Debug|Any CPU
		{D17BC91D-E284-4E00-ADEB-03A12301D616}.Release|Any CPU.ActiveCfg = Release|Any CPU
		{D17BC91D-E284-4E00-ADEB-03A12301D616}.Release|Any CPU.Build.0 = Release|Any CPU
	EndGlobalSection
	GlobalSection(SolutionProperties) = preSolution
		HideSolutionNode = FALSE
	EndGlobalSection
	GlobalSection(ExtensibilityGlobals) = postSolution
		SolutionGuid = {A9D324C5-1F21-4FCE-B9FC-5002436F2EC4}
	EndGlobalSection
EndGlobal
